
Microsoft Visual Studio Solution File, Format Version 12.00
# Visual Studio Version 16
VisualStudioVersion = 16.0.31019.35
MinimumVisualStudioVersion = 10.0.40219.1
Project("{FAE04EC0-301F-11D3-BF4B-00C04F79EFBC}") = "BaseURLClient", "BaseURLClient\BaseURLClient.csproj", "{216DF87D-5CF6-4E65-8562-6565E2C440D7}"
EndProject
Project("{FAE04EC0-301F-11D3-BF4B-00C04F79EFBC}") = "BaseURLClientLib", "BaseURLClientLib\BaseURLClientLib.csproj", "{E41EB45B-4FCF-41CF-812D-D8A59063CAEC}"
EndProject
Global
	GlobalSection(SolutionConfigurationPlatforms) = preSolution
		Debug|Any CPU = Debug|Any CPU
		Release|Any CPU = Release|Any CPU
	EndGlobalSection
	GlobalSection(ProjectConfigurationPlatforms) = postSolution
		{216DF87D-5CF6-4E65-8562-6565E2C440D7}.Debug|Any CPU.ActiveCfg = Debug|Any CPU
		{216DF87D-5CF6-4E65-8562-6565E2C440D7}.Debug|Any CPU.Build.0 = Debug|Any CPU
		{216DF87D-5CF6-4E65-8562-6565E2C440D7}.Release|Any CPU.ActiveCfg = Release|Any CPU
		{216DF87D-5CF6-4E65-8562-6565E2C440D7}.Release|Any CPU.Build.0 = Release|Any CPU
		{E41EB45B-4FCF-41CF-812D-D8A59063CAEC}.Debug|Any CPU.ActiveCfg = Debug|Any CPU
		{E41EB45B-4FCF-41CF-812D-D8A59063CAEC}.Debug|Any CPU.Build.0 = Debug|Any CPU
		{E41EB45B-4FCF-41CF-812D-D8A59063CAEC}.Release|Any CPU.ActiveCfg = Release|Any CPU
		{E41EB45B-4FCF-41CF-812D-D8A59063CAEC}.Release|Any CPU.Build.0 = Release|Any CPU
	EndGlobalSection
	GlobalSection(SolutionProperties) = preSolution
		HideSolutionNode = FALSE
	EndGlobalSection
	GlobalSection(ExtensibilityGlobals) = postSolution
		SolutionGuid = {7C5C864D-77EE-4ACD-9F88-7FF60584518D}
	EndGlobalSection
EndGlobal
